{
  "name": "deepsleep.api",
  "version": "0.1.0",
  "lockfileVersion": 1,
  "requires": true,
  "dependencies": {
    "autorest": {
      "version": "3.0.6336",
      "resolved": "https://registry.npmjs.org/autorest/-/autorest-3.0.6336.tgz",
      "integrity": "sha512-WAQuAw8FucFs3+y3vFsi+UjLYblKjw9nm44QKj8D/u9vSBwN2tpIcQZZPXF4AXE9GbcENp9LQAP8b4Un1GoWjA==",
      "dev": true
    }
  }
}
