
Microsoft Visual Studio Solution File, Format Version 12.00
# Visual Studio Version 16
VisualStudioVersion = 16.0.29215.179
MinimumVisualStudioVersion = 10.0.40219.1
Project("{9A19103F-16F7-4668-BE54-9A1E7A4F7556}") = "DeepSleep", "DeepSleep\DeepSleep.csproj", "{E4B5519F-BC6F-4262-9188-F854389669CB}"
EndProject
Project("{2150E333-8FDC-42A3-9474-1A3956D46DE8}") = ".test", ".test", "{DFEBD416-C35F-45CF-89E8-29BD52268577}"
EndProject
Project("{9A19103F-16F7-4668-BE54-9A1E7A4F7556}") = "DeepSleep.Web", "DeepSleep.Web\DeepSleep.Web.csproj", "{172108BE-E4B1-4E9A-801D-6EF327FC8140}"
EndProject
Project("{2150E333-8FDC-42A3-9474-1A3956D46DE8}") = ".api", ".api", "{0F8618E4-AC5E-4B50-8B0C-31F643002230}"
EndProject
Project("{9A19103F-16F7-4668-BE54-9A1E7A4F7556}") = "DeepSleep.Tests", ".test\DeepSleep.Tests\DeepSleep.Tests.csproj", "{738353A2-D4EA-4265-8D4E-5205B79F1EB0}"
EndProject
Project("{9A19103F-16F7-4668-BE54-9A1E7A4F7556}") = "DeepSleep.Web.Tests", ".test\DeepSleep.Web.Tests\DeepSleep.Web.Tests.csproj", "{EF39FAD3-B0AD-49B1-A253-917CC16B8E43}"
EndProject
Project("{9A19103F-16F7-4668-BE54-9A1E7A4F7556}") = "DeepSleep.Api.Web.TestBase", ".test\DeepSleep.Api.Web.TestBase\DeepSleep.Api.Web.TestBase.csproj", "{BE5F0F78-05F5-41F5-9F60-48E65A101B15}"
EndProject
Project("{9A19103F-16F7-4668-BE54-9A1E7A4F7556}") = "Api.DeepSleep.Models", ".test\.api\Api.DeepSleep.Models\Api.DeepSleep.Models.csproj", "{CD2315DC-6823-40AA-8CC0-89C9F713F4BC}"
EndProject
Project("{9A19103F-16F7-4668-BE54-9A1E7A4F7556}") = "Api.DeepSleep.Controllers", ".test\.api\Api.DeepSleep.Controllers\Api.DeepSleep.Controllers.csproj", "{8D1B61D0-43B8-4583-8041-91B9DE5C4440}"
EndProject
Project("{9A19103F-16F7-4668-BE54-9A1E7A4F7556}") = "Api.DeepSleep.Web2_0", ".test\.api\Api.DeepSleep.Web2_0\Api.DeepSleep.Web2_0.csproj", "{A5A7854B-9F38-4ADE-942E-69F9A7E88A1B}"
EndProject
Project("{9A19103F-16F7-4668-BE54-9A1E7A4F7556}") = "Api.DeepSleep.Web3_0", ".test\.api\Api.DeepSleep.Web3_0\Api.DeepSleep.Web3_0.csproj", "{44F2FC0A-0BA0-415A-94CF-C7869E071BBF}"
EndProject
Project("{9A19103F-16F7-4668-BE54-9A1E7A4F7556}") = "Api.DeepSleep.Web3_1", ".test\.api\Api.DeepSleep.Web3_1\Api.DeepSleep.Web3_1.csproj", "{4B02BCFE-23F7-4B00-B15E-37119818100D}"
EndProject
Project("{9A19103F-16F7-4668-BE54-9A1E7A4F7556}") = "Api.DeepSleep.Web5_0", ".test\.api\Api.DeepSleep.Web5_0\Api.DeepSleep.Web5_0.csproj", "{EE94A086-3121-4BAC-B003-B9FDE79A988B}"
EndProject
Project("{9A19103F-16F7-4668-BE54-9A1E7A4F7556}") = "Api.DeepSleep.MultipartFormData", ".test\.api\Api.DeepSleep.MultipartFormData\Api.DeepSleep.MultipartFormData.csproj", "{5082B3E9-9681-4283-B8F5-A6C770E47AE8}"
EndProject
Project("{9A19103F-16F7-4668-BE54-9A1E7A4F7556}") = "DeepSleep.Api.Web2_0.Tests", ".test\DeepSleep.Api.Web2_0.Tests\DeepSleep.Api.Web2_0.Tests.csproj", "{B4B02086-8FBA-4BBA-A4DB-79D313D4D737}"
EndProject
Project("{9A19103F-16F7-4668-BE54-9A1E7A4F7556}") = "DeepSleep.Api.Web3_0.Tests", ".test\DeepSleep.Api.Web3_0.Tests\DeepSleep.Api.Web3_0.Tests.csproj", "{B60AF431-86BF-4CC5-A41D-473D1E22C992}"
EndProject
Project("{9A19103F-16F7-4668-BE54-9A1E7A4F7556}") = "DeepSleep.Api.Web3_1.Tests", ".test\DeepSleep.Api.Web3_1.Tests\DeepSleep.Api.Web3_1.Tests.csproj", "{D5EA637A-21B2-4B7E-BB74-A86296386630}"
EndProject
Project("{9A19103F-16F7-4668-BE54-9A1E7A4F7556}") = "DeepSleep.Api.Web5_0.Tests", ".test\DeepSleep.Api.Web5_0.Tests\DeepSleep.Api.Web5_0.Tests.csproj", "{93D75F1E-9ACE-46E4-BED5-079342B51916}"
EndProject
Project("{9A19103F-16F7-4668-BE54-9A1E7A4F7556}") = "Api.DeepSleep.Web.OpenApiCheck", ".test\.api\Api.DeepSleep.Web.OpenApiCheck\Api.DeepSleep.Web.OpenApiCheck.csproj", "{041BAA18-B665-46A2-AAE5-66D680ADFFFD}"
EndProject
Project("{9A19103F-16F7-4668-BE54-9A1E7A4F7556}") = "DeepSleep.Api.OpenApiCheckTests", "Api.Tests\DeepSleep.Api.OpenApiCheckTests\DeepSleep.Api.OpenApiCheckTests.csproj", "{21BF9E95-F27B-4936-B685-D481C44D7DFD}"
EndProject
Project("{FAE04EC0-301F-11D3-BF4B-00C04F79EFBC}") = "Api.DeepSleep.Web.WebApiCheck", ".test\.api\Api.DeepSleep.Web.WebApiCheck\Api.DeepSleep.Web.WebApiCheck.csproj", "{B9F5174D-2AC0-4C5A-A14A-4242BE95B0E5}"
EndProject
Global
	GlobalSection(SolutionConfigurationPlatforms) = preSolution
		Debug|Any CPU = Debug|Any CPU
		Release|Any CPU = Release|Any CPU
	EndGlobalSection
	GlobalSection(ProjectConfigurationPlatforms) = postSolution
		{E4B5519F-BC6F-4262-9188-F854389669CB}.Debug|Any CPU.ActiveCfg = Debug|Any CPU
		{E4B5519F-BC6F-4262-9188-F854389669CB}.Debug|Any CPU.Build.0 = Debug|Any CPU
		{E4B5519F-BC6F-4262-9188-F854389669CB}.Release|Any CPU.ActiveCfg = Release|Any CPU
		{E4B5519F-BC6F-4262-9188-F854389669CB}.Release|Any CPU.Build.0 = Release|Any CPU
		{172108BE-E4B1-4E9A-801D-6EF327FC8140}.Debug|Any CPU.ActiveCfg = Debug|Any CPU
		{172108BE-E4B1-4E9A-801D-6EF327FC8140}.Debug|Any CPU.Build.0 = Debug|Any CPU
		{172108BE-E4B1-4E9A-801D-6EF327FC8140}.Release|Any CPU.ActiveCfg = Release|Any CPU
		{172108BE-E4B1-4E9A-801D-6EF327FC8140}.Release|Any CPU.Build.0 = Release|Any CPU
		{738353A2-D4EA-4265-8D4E-5205B79F1EB0}.Debug|Any CPU.ActiveCfg = Debug|Any CPU
		{738353A2-D4EA-4265-8D4E-5205B79F1EB0}.Debug|Any CPU.Build.0 = Debug|Any CPU
		{738353A2-D4EA-4265-8D4E-5205B79F1EB0}.Release|Any CPU.ActiveCfg = Release|Any CPU
		{738353A2-D4EA-4265-8D4E-5205B79F1EB0}.Release|Any CPU.Build.0 = Release|Any CPU
		{EF39FAD3-B0AD-49B1-A253-917CC16B8E43}.Debug|Any CPU.ActiveCfg = Debug|Any CPU
		{EF39FAD3-B0AD-49B1-A253-917CC16B8E43}.Debug|Any CPU.Build.0 = Debug|Any CPU
		{EF39FAD3-B0AD-49B1-A253-917CC16B8E43}.Release|Any CPU.ActiveCfg = Release|Any CPU
		{EF39FAD3-B0AD-49B1-A253-917CC16B8E43}.Release|Any CPU.Build.0 = Release|Any CPU
		{BE5F0F78-05F5-41F5-9F60-48E65A101B15}.Debug|Any CPU.ActiveCfg = Debug|Any CPU
		{BE5F0F78-05F5-41F5-9F60-48E65A101B15}.Debug|Any CPU.Build.0 = Debug|Any CPU
		{BE5F0F78-05F5-41F5-9F60-48E65A101B15}.Release|Any CPU.ActiveCfg = Release|Any CPU
		{BE5F0F78-05F5-41F5-9F60-48E65A101B15}.Release|Any CPU.Build.0 = Release|Any CPU
		{CD2315DC-6823-40AA-8CC0-89C9F713F4BC}.Debug|Any CPU.ActiveCfg = Debug|Any CPU
		{CD2315DC-6823-40AA-8CC0-89C9F713F4BC}.Debug|Any CPU.Build.0 = Debug|Any CPU
		{CD2315DC-6823-40AA-8CC0-89C9F713F4BC}.Release|Any CPU.ActiveCfg = Release|Any CPU
		{CD2315DC-6823-40AA-8CC0-89C9F713F4BC}.Release|Any CPU.Build.0 = Release|Any CPU
		{8D1B61D0-43B8-4583-8041-91B9DE5C4440}.Debug|Any CPU.ActiveCfg = Debug|Any CPU
		{8D1B61D0-43B8-4583-8041-91B9DE5C4440}.Debug|Any CPU.Build.0 = Debug|Any CPU
		{8D1B61D0-43B8-4583-8041-91B9DE5C4440}.Release|Any CPU.ActiveCfg = Release|Any CPU
		{8D1B61D0-43B8-4583-8041-91B9DE5C4440}.Release|Any CPU.Build.0 = Release|Any CPU
		{A5A7854B-9F38-4ADE-942E-69F9A7E88A1B}.Debug|Any CPU.ActiveCfg = Debug|Any CPU
		{A5A7854B-9F38-4ADE-942E-69F9A7E88A1B}.Debug|Any CPU.Build.0 = Debug|Any CPU
		{A5A7854B-9F38-4ADE-942E-69F9A7E88A1B}.Release|Any CPU.ActiveCfg = Release|Any CPU
		{A5A7854B-9F38-4ADE-942E-69F9A7E88A1B}.Release|Any CPU.Build.0 = Release|Any CPU
		{44F2FC0A-0BA0-415A-94CF-C7869E071BBF}.Debug|Any CPU.ActiveCfg = Debug|Any CPU
		{44F2FC0A-0BA0-415A-94CF-C7869E071BBF}.Debug|Any CPU.Build.0 = Debug|Any CPU
		{44F2FC0A-0BA0-415A-94CF-C7869E071BBF}.Release|Any CPU.ActiveCfg = Release|Any CPU
		{44F2FC0A-0BA0-415A-94CF-C7869E071BBF}.Release|Any CPU.Build.0 = Release|Any CPU
		{4B02BCFE-23F7-4B00-B15E-37119818100D}.Debug|Any CPU.ActiveCfg = Debug|Any CPU
		{4B02BCFE-23F7-4B00-B15E-37119818100D}.Debug|Any CPU.Build.0 = Debug|Any CPU
		{4B02BCFE-23F7-4B00-B15E-37119818100D}.Release|Any CPU.ActiveCfg = Release|Any CPU
		{4B02BCFE-23F7-4B00-B15E-37119818100D}.Release|Any CPU.Build.0 = Release|Any CPU
		{EE94A086-3121-4BAC-B003-B9FDE79A988B}.Debug|Any CPU.ActiveCfg = Debug|Any CPU
		{EE94A086-3121-4BAC-B003-B9FDE79A988B}.Debug|Any CPU.Build.0 = Debug|Any CPU
		{EE94A086-3121-4BAC-B003-B9FDE79A988B}.Release|Any CPU.ActiveCfg = Release|Any CPU
		{EE94A086-3121-4BAC-B003-B9FDE79A988B}.Release|Any CPU.Build.0 = Release|Any CPU
		{5082B3E9-9681-4283-B8F5-A6C770E47AE8}.Debug|Any CPU.ActiveCfg = Debug|Any CPU
		{5082B3E9-9681-4283-B8F5-A6C770E47AE8}.Debug|Any CPU.Build.0 = Debug|Any CPU
		{5082B3E9-9681-4283-B8F5-A6C770E47AE8}.Release|Any CPU.ActiveCfg = Release|Any CPU
		{5082B3E9-9681-4283-B8F5-A6C770E47AE8}.Release|Any CPU.Build.0 = Release|Any CPU
		{B4B02086-8FBA-4BBA-A4DB-79D313D4D737}.Debug|Any CPU.ActiveCfg = Debug|Any CPU
		{B4B02086-8FBA-4BBA-A4DB-79D313D4D737}.Debug|Any CPU.Build.0 = Debug|Any CPU
		{B4B02086-8FBA-4BBA-A4DB-79D313D4D737}.Release|Any CPU.ActiveCfg = Release|Any CPU
		{B4B02086-8FBA-4BBA-A4DB-79D313D4D737}.Release|Any CPU.Build.0 = Release|Any CPU
		{B60AF431-86BF-4CC5-A41D-473D1E22C992}.Debug|Any CPU.ActiveCfg = Debug|Any CPU
		{B60AF431-86BF-4CC5-A41D-473D1E22C992}.Debug|Any CPU.Build.0 = Debug|Any CPU
		{B60AF431-86BF-4CC5-A41D-473D1E22C992}.Release|Any CPU.ActiveCfg = Release|Any CPU
		{B60AF431-86BF-4CC5-A41D-473D1E22C992}.Release|Any CPU.Build.0 = Release|Any CPU
		{D5EA637A-21B2-4B7E-BB74-A86296386630}.Debug|Any CPU.ActiveCfg = Debug|Any CPU
		{D5EA637A-21B2-4B7E-BB74-A86296386630}.Debug|Any CPU.Build.0 = Debug|Any CPU
		{D5EA637A-21B2-4B7E-BB74-A86296386630}.Release|Any CPU.ActiveCfg = Release|Any CPU
		{D5EA637A-21B2-4B7E-BB74-A86296386630}.Release|Any CPU.Build.0 = Release|Any CPU
		{93D75F1E-9ACE-46E4-BED5-079342B51916}.Debug|Any CPU.ActiveCfg = Debug|Any CPU
		{93D75F1E-9ACE-46E4-BED5-079342B51916}.Debug|Any CPU.Build.0 = Debug|Any CPU
		{93D75F1E-9ACE-46E4-BED5-079342B51916}.Release|Any CPU.ActiveCfg = Release|Any CPU
		{93D75F1E-9ACE-46E4-BED5-079342B51916}.Release|Any CPU.Build.0 = Release|Any CPU
		{041BAA18-B665-46A2-AAE5-66D680ADFFFD}.Debug|Any CPU.ActiveCfg = Debug|Any CPU
		{041BAA18-B665-46A2-AAE5-66D680ADFFFD}.Debug|Any CPU.Build.0 = Debug|Any CPU
		{041BAA18-B665-46A2-AAE5-66D680ADFFFD}.Release|Any CPU.ActiveCfg = Release|Any CPU
		{041BAA18-B665-46A2-AAE5-66D680ADFFFD}.Release|Any CPU.Build.0 = Release|Any CPU
		{21BF9E95-F27B-4936-B685-D481C44D7DFD}.Debug|Any CPU.ActiveCfg = Debug|Any CPU
		{21BF9E95-F27B-4936-B685-D481C44D7DFD}.Debug|Any CPU.Build.0 = Debug|Any CPU
		{21BF9E95-F27B-4936-B685-D481C44D7DFD}.Release|Any CPU.ActiveCfg = Release|Any CPU
		{21BF9E95-F27B-4936-B685-D481C44D7DFD}.Release|Any CPU.Build.0 = Release|Any CPU
		{B9F5174D-2AC0-4C5A-A14A-4242BE95B0E5}.Debug|Any CPU.ActiveCfg = Debug|Any CPU
		{B9F5174D-2AC0-4C5A-A14A-4242BE95B0E5}.Debug|Any CPU.Build.0 = Debug|Any CPU
		{B9F5174D-2AC0-4C5A-A14A-4242BE95B0E5}.Release|Any CPU.ActiveCfg = Release|Any CPU
		{B9F5174D-2AC0-4C5A-A14A-4242BE95B0E5}.Release|Any CPU.Build.0 = Release|Any CPU
	EndGlobalSection
	GlobalSection(SolutionProperties) = preSolution
		HideSolutionNode = FALSE
	EndGlobalSection
	GlobalSection(NestedProjects) = preSolution
		{0F8618E4-AC5E-4B50-8B0C-31F643002230} = {DFEBD416-C35F-45CF-89E8-29BD52268577}
		{738353A2-D4EA-4265-8D4E-5205B79F1EB0} = {DFEBD416-C35F-45CF-89E8-29BD52268577}
		{EF39FAD3-B0AD-49B1-A253-917CC16B8E43} = {DFEBD416-C35F-45CF-89E8-29BD52268577}
		{BE5F0F78-05F5-41F5-9F60-48E65A101B15} = {DFEBD416-C35F-45CF-89E8-29BD52268577}
		{CD2315DC-6823-40AA-8CC0-89C9F713F4BC} = {0F8618E4-AC5E-4B50-8B0C-31F643002230}
		{8D1B61D0-43B8-4583-8041-91B9DE5C4440} = {0F8618E4-AC5E-4B50-8B0C-31F643002230}
		{A5A7854B-9F38-4ADE-942E-69F9A7E88A1B} = {0F8618E4-AC5E-4B50-8B0C-31F643002230}
		{44F2FC0A-0BA0-415A-94CF-C7869E071BBF} = {0F8618E4-AC5E-4B50-8B0C-31F643002230}
		{4B02BCFE-23F7-4B00-B15E-37119818100D} = {0F8618E4-AC5E-4B50-8B0C-31F643002230}
		{EE94A086-3121-4BAC-B003-B9FDE79A988B} = {0F8618E4-AC5E-4B50-8B0C-31F643002230}
		{5082B3E9-9681-4283-B8F5-A6C770E47AE8} = {0F8618E4-AC5E-4B50-8B0C-31F643002230}
		{B4B02086-8FBA-4BBA-A4DB-79D313D4D737} = {DFEBD416-C35F-45CF-89E8-29BD52268577}
		{B60AF431-86BF-4CC5-A41D-473D1E22C992} = {DFEBD416-C35F-45CF-89E8-29BD52268577}
		{D5EA637A-21B2-4B7E-BB74-A86296386630} = {DFEBD416-C35F-45CF-89E8-29BD52268577}
		{93D75F1E-9ACE-46E4-BED5-079342B51916} = {DFEBD416-C35F-45CF-89E8-29BD52268577}
		{041BAA18-B665-46A2-AAE5-66D680ADFFFD} = {0F8618E4-AC5E-4B50-8B0C-31F643002230}
		{21BF9E95-F27B-4936-B685-D481C44D7DFD} = {DFEBD416-C35F-45CF-89E8-29BD52268577}
		{B9F5174D-2AC0-4C5A-A14A-4242BE95B0E5} = {0F8618E4-AC5E-4B50-8B0C-31F643002230}
	EndGlobalSection
	GlobalSection(ExtensibilityGlobals) = postSolution
		SolutionGuid = {B8628A44-548F-4E07-8852-1C13652D7637}
	EndGlobalSection
EndGlobal
