
Microsoft Visual Studio Solution File, Format Version 12.00
# Visual Studio Version 16
VisualStudioVersion = 16.0.29215.179
MinimumVisualStudioVersion = 10.0.40219.1
Project("{9A19103F-16F7-4668-BE54-9A1E7A4F7556}") = "DeepSleep", "DeepSleep\DeepSleep.csproj", "{E4B5519F-BC6F-4262-9188-F854389669CB}"
EndProject
Project("{9A19103F-16F7-4668-BE54-9A1E7A4F7556}") = "DeepSleep.NetCore", "DeepSleep.NetCore\DeepSleep.NetCore.csproj", "{54F03560-8097-4C38-92E2-F5ECA4910663}"
EndProject
Project("{9A19103F-16F7-4668-BE54-9A1E7A4F7556}") = "DeepSleep.Validation.DataAnnotations", "DeepSleep.Validation.DataAnnotations\DeepSleep.Validation.DataAnnotations.csproj", "{E8F6A3C0-26E8-4DD6-AAC2-4AC35059B118}"
EndProject
Project("{2150E333-8FDC-42A3-9474-1A3956D46DE8}") = ".test", ".test", "{DFEBD416-C35F-45CF-89E8-29BD52268577}"
EndProject
Project("{9A19103F-16F7-4668-BE54-9A1E7A4F7556}") = "DeepSleep.Tests", "DeepSleep.Tests\DeepSleep.Tests.csproj", "{5C136477-19DD-4640-BC4E-ED5EFFAC1CBF}"
EndProject
Project("{9A19103F-16F7-4668-BE54-9A1E7A4F7556}") = "DeepSleep.NetCore.Tests", "DeepSleep.NetCore.Tests\DeepSleep.NetCore.Tests.csproj", "{5861B333-819A-41C0-B897-174548293205}"
EndProject
Project("{9A19103F-16F7-4668-BE54-9A1E7A4F7556}") = "DeepSleep.OpenApi", "DeepSleep.OpenApi\DeepSleep.OpenApi.csproj", "{F3D636D4-457D-4E0D-8178-A5FB8D5E73A2}"
EndProject
Project("{9A19103F-16F7-4668-BE54-9A1E7A4F7556}") = "DeepSleep.OpenApi.Tests", "DeepSleep.OpenApi.Tests\DeepSleep.OpenApi.Tests.csproj", "{2097B1BC-C3B0-49CB-91EB-893E911ED586}"
EndProject
Project("{9A19103F-16F7-4668-BE54-9A1E7A4F7556}") = "DeepSleep.OpenApi.NetCore", "DeepSleep.OpenApi.NetCore\DeepSleep.OpenApi.NetCore.csproj", "{7BC79193-61C6-46D5-A860-0A519164BB02}"
EndProject
Project("{9A19103F-16F7-4668-BE54-9A1E7A4F7556}") = "DeepSleep.Api.Harness", "DeepSleep.Api.Harness\DeepSleep.Api.Harness.csproj", "{98F9C366-3540-46AE-B084-0400A427D0D6}"
EndProject
Project("{9A19103F-16F7-4668-BE54-9A1E7A4F7556}") = "DateTest", "DateTest\DateTest.csproj", "{D9C9EC57-F4ED-462C-BC6A-D99988B198E3}"
EndProject
Global
	GlobalSection(SolutionConfigurationPlatforms) = preSolution
		Debug|Any CPU = Debug|Any CPU
		Release|Any CPU = Release|Any CPU
	EndGlobalSection
	GlobalSection(ProjectConfigurationPlatforms) = postSolution
		{E4B5519F-BC6F-4262-9188-F854389669CB}.Debug|Any CPU.ActiveCfg = Debug|Any CPU
		{E4B5519F-BC6F-4262-9188-F854389669CB}.Debug|Any CPU.Build.0 = Debug|Any CPU
		{E4B5519F-BC6F-4262-9188-F854389669CB}.Release|Any CPU.ActiveCfg = Release|Any CPU
		{E4B5519F-BC6F-4262-9188-F854389669CB}.Release|Any CPU.Build.0 = Release|Any CPU
		{54F03560-8097-4C38-92E2-F5ECA4910663}.Debug|Any CPU.ActiveCfg = Debug|Any CPU
		{54F03560-8097-4C38-92E2-F5ECA4910663}.Debug|Any CPU.Build.0 = Debug|Any CPU
		{54F03560-8097-4C38-92E2-F5ECA4910663}.Release|Any CPU.ActiveCfg = Release|Any CPU
		{54F03560-8097-4C38-92E2-F5ECA4910663}.Release|Any CPU.Build.0 = Release|Any CPU
		{E8F6A3C0-26E8-4DD6-AAC2-4AC35059B118}.Debug|Any CPU.ActiveCfg = Debug|Any CPU
		{E8F6A3C0-26E8-4DD6-AAC2-4AC35059B118}.Debug|Any CPU.Build.0 = Debug|Any CPU
		{E8F6A3C0-26E8-4DD6-AAC2-4AC35059B118}.Release|Any CPU.ActiveCfg = Release|Any CPU
		{E8F6A3C0-26E8-4DD6-AAC2-4AC35059B118}.Release|Any CPU.Build.0 = Release|Any CPU
		{5C136477-19DD-4640-BC4E-ED5EFFAC1CBF}.Debug|Any CPU.ActiveCfg = Debug|Any CPU
		{5C136477-19DD-4640-BC4E-ED5EFFAC1CBF}.Debug|Any CPU.Build.0 = Debug|Any CPU
		{5C136477-19DD-4640-BC4E-ED5EFFAC1CBF}.Release|Any CPU.ActiveCfg = Release|Any CPU
		{5C136477-19DD-4640-BC4E-ED5EFFAC1CBF}.Release|Any CPU.Build.0 = Release|Any CPU
		{5861B333-819A-41C0-B897-174548293205}.Debug|Any CPU.ActiveCfg = Debug|Any CPU
		{5861B333-819A-41C0-B897-174548293205}.Debug|Any CPU.Build.0 = Debug|Any CPU
		{5861B333-819A-41C0-B897-174548293205}.Release|Any CPU.ActiveCfg = Release|Any CPU
		{5861B333-819A-41C0-B897-174548293205}.Release|Any CPU.Build.0 = Release|Any CPU
		{F3D636D4-457D-4E0D-8178-A5FB8D5E73A2}.Debug|Any CPU.ActiveCfg = Debug|Any CPU
		{F3D636D4-457D-4E0D-8178-A5FB8D5E73A2}.Debug|Any CPU.Build.0 = Debug|Any CPU
		{F3D636D4-457D-4E0D-8178-A5FB8D5E73A2}.Release|Any CPU.ActiveCfg = Release|Any CPU
		{F3D636D4-457D-4E0D-8178-A5FB8D5E73A2}.Release|Any CPU.Build.0 = Release|Any CPU
		{2097B1BC-C3B0-49CB-91EB-893E911ED586}.Debug|Any CPU.ActiveCfg = Debug|Any CPU
		{2097B1BC-C3B0-49CB-91EB-893E911ED586}.Debug|Any CPU.Build.0 = Debug|Any CPU
		{2097B1BC-C3B0-49CB-91EB-893E911ED586}.Release|Any CPU.ActiveCfg = Release|Any CPU
		{2097B1BC-C3B0-49CB-91EB-893E911ED586}.Release|Any CPU.Build.0 = Release|Any CPU
		{7BC79193-61C6-46D5-A860-0A519164BB02}.Debug|Any CPU.ActiveCfg = Debug|Any CPU
		{7BC79193-61C6-46D5-A860-0A519164BB02}.Debug|Any CPU.Build.0 = Debug|Any CPU
		{7BC79193-61C6-46D5-A860-0A519164BB02}.Release|Any CPU.ActiveCfg = Release|Any CPU
		{7BC79193-61C6-46D5-A860-0A519164BB02}.Release|Any CPU.Build.0 = Release|Any CPU
		{98F9C366-3540-46AE-B084-0400A427D0D6}.Debug|Any CPU.ActiveCfg = Debug|Any CPU
		{98F9C366-3540-46AE-B084-0400A427D0D6}.Debug|Any CPU.Build.0 = Debug|Any CPU
		{98F9C366-3540-46AE-B084-0400A427D0D6}.Release|Any CPU.ActiveCfg = Release|Any CPU
		{98F9C366-3540-46AE-B084-0400A427D0D6}.Release|Any CPU.Build.0 = Release|Any CPU
		{D9C9EC57-F4ED-462C-BC6A-D99988B198E3}.Debug|Any CPU.ActiveCfg = Debug|Any CPU
		{D9C9EC57-F4ED-462C-BC6A-D99988B198E3}.Debug|Any CPU.Build.0 = Debug|Any CPU
		{D9C9EC57-F4ED-462C-BC6A-D99988B198E3}.Release|Any CPU.ActiveCfg = Release|Any CPU
		{D9C9EC57-F4ED-462C-BC6A-D99988B198E3}.Release|Any CPU.Build.0 = Release|Any CPU
	EndGlobalSection
	GlobalSection(SolutionProperties) = preSolution
		HideSolutionNode = FALSE
	EndGlobalSection
	GlobalSection(NestedProjects) = preSolution
		{5C136477-19DD-4640-BC4E-ED5EFFAC1CBF} = {DFEBD416-C35F-45CF-89E8-29BD52268577}
		{5861B333-819A-41C0-B897-174548293205} = {DFEBD416-C35F-45CF-89E8-29BD52268577}
		{2097B1BC-C3B0-49CB-91EB-893E911ED586} = {DFEBD416-C35F-45CF-89E8-29BD52268577}
		{98F9C366-3540-46AE-B084-0400A427D0D6} = {DFEBD416-C35F-45CF-89E8-29BD52268577}
		{D9C9EC57-F4ED-462C-BC6A-D99988B198E3} = {DFEBD416-C35F-45CF-89E8-29BD52268577}
	EndGlobalSection
	GlobalSection(ExtensibilityGlobals) = postSolution
		SolutionGuid = {B8628A44-548F-4E07-8852-1C13652D7637}
	EndGlobalSection
EndGlobal
