
Microsoft Visual Studio Solution File, Format Version 12.00
# Visual Studio Version 16
VisualStudioVersion = 16.0.29215.179
MinimumVisualStudioVersion = 10.0.40219.1
Project("{9A19103F-16F7-4668-BE54-9A1E7A4F7556}") = "DeepSleep", "DeepSleep\DeepSleep.csproj", "{E4B5519F-BC6F-4262-9188-F854389669CB}"
EndProject
Project("{2150E333-8FDC-42A3-9474-1A3956D46DE8}") = ".test", ".test", "{DFEBD416-C35F-45CF-89E8-29BD52268577}"
EndProject
Project("{9A19103F-16F7-4668-BE54-9A1E7A4F7556}") = "DeepSleep.Tests", "DeepSleep.Tests\DeepSleep.Tests.csproj", "{5C136477-19DD-4640-BC4E-ED5EFFAC1CBF}"
EndProject
Project("{2150E333-8FDC-42A3-9474-1A3956D46DE8}") = ".netcore", ".netcore", "{C000C338-DFA9-4FE2-B96B-8944D4A07359}"
EndProject
Project("{2150E333-8FDC-42A3-9474-1A3956D46DE8}") = ".api", ".api", "{9EC5C5B4-5AF2-4CB1-B01A-1176F7A86EE4}"
EndProject
Project("{9A19103F-16F7-4668-BE54-9A1E7A4F7556}") = "Api.DeepSleep.Controllers", "Api.Tests\Api.DeepSleep.Controllers\Api.DeepSleep.Controllers.csproj", "{37F8348E-2FE8-4CBD-82D4-06F4D415E897}"
EndProject
Project("{9A19103F-16F7-4668-BE54-9A1E7A4F7556}") = "Api.DeepSleep.Models", "Api.Tests\Api.DeepSleep.Models\Api.DeepSleep.Models.csproj", "{D4E6BDC0-1A17-461B-A0A3-68327762ECDA}"
EndProject
Project("{9A19103F-16F7-4668-BE54-9A1E7A4F7556}") = "Api.DeepSleep.MultipartFormData", "Api.Tests\Api.DeepSleep.MultipartFormData\Api.DeepSleep.MultipartFormData.csproj", "{920201BE-826D-4BD7-AF1B-4BF1375F913C}"
EndProject
Project("{9A19103F-16F7-4668-BE54-9A1E7A4F7556}") = "Api.DeepSleep.Web2_0", "Api.Tests\Api.DeepSleep.Web2_0\Api.DeepSleep.Web2_0.csproj", "{5EDA7C15-6C3E-44F5-9BB9-8CDFB6BAEC3D}"
EndProject
Project("{9A19103F-16F7-4668-BE54-9A1E7A4F7556}") = "Api.DeepSleep.Web3_0", "Api.Tests\Api.DeepSleep.Web3_0\Api.DeepSleep.Web3_0.csproj", "{F99B4624-DB74-45F7-BB95-3EB72C623183}"
EndProject
Project("{9A19103F-16F7-4668-BE54-9A1E7A4F7556}") = "Api.DeepSleep.Web3_1", "Api.Tests\Api.DeepSleep.Web3_1\Api.DeepSleep.Web3_1.csproj", "{26FD211C-EF59-4342-9638-2432EDF71317}"
EndProject
Project("{9A19103F-16F7-4668-BE54-9A1E7A4F7556}") = "Api.DeepSleep.Web5_0", "Api.Tests\Api.DeepSleep.Web5_0\Api.DeepSleep.Web5_0.csproj", "{581F0FAB-35FC-4F6E-9005-26088AFD9EB2}"
EndProject
Project("{9A19103F-16F7-4668-BE54-9A1E7A4F7556}") = "DeepSleep.Web.Tests", "DeepSleep.Web.Tests\DeepSleep.Web.Tests.csproj", "{CD1BD658-6AB2-480B-8702-04ED7BC13033}"
EndProject
Project("{9A19103F-16F7-4668-BE54-9A1E7A4F7556}") = "DeepSleep.Api.Web.TestBase", "Api.Tests\DeepSleep.Api.Web.TestBase\DeepSleep.Api.Web.TestBase.csproj", "{52DB3C19-92AF-4BD8-ACA9-51AE3B582F11}"
EndProject
Project("{9A19103F-16F7-4668-BE54-9A1E7A4F7556}") = "DeepSleep.Api.Web2_0.Tests", "DeepSleep.Api.Web2_0.Tests\DeepSleep.Api.Web2_0.Tests.csproj", "{17A27BC2-7CF3-4C96-8C50-FB57B57113D4}"
EndProject
Project("{9A19103F-16F7-4668-BE54-9A1E7A4F7556}") = "DeepSleep.Api.Web3_0.Tests", "DeepSleep.Api.Web3_0.Tests\DeepSleep.Api.Web3_0.Tests.csproj", "{E42C6686-890B-4A8B-AD2D-5FBC1D584C31}"
EndProject
Project("{9A19103F-16F7-4668-BE54-9A1E7A4F7556}") = "DeepSleep.Api.Web3_1.Tests", "DeepSleep.Api.Web3_1.Tests\DeepSleep.Api.Web3_1.Tests.csproj", "{6A68E7C5-FFFB-47F3-99FA-A57DFD43F762}"
EndProject
Project("{9A19103F-16F7-4668-BE54-9A1E7A4F7556}") = "DeepSleep.Api.Web5_0.Tests", "DeepSleep.Api.Web5_0.Tests\DeepSleep.Api.Web5_0.Tests.csproj", "{B9E55C92-4DEF-4932-81A3-E4E151BAAD5E}"
EndProject
Project("{9A19103F-16F7-4668-BE54-9A1E7A4F7556}") = "DeepSleep.Web", "DeepSleep.Web\DeepSleep.Web.csproj", "{172108BE-E4B1-4E9A-801D-6EF327FC8140}"
EndProject
Global
	GlobalSection(SolutionConfigurationPlatforms) = preSolution
		Debug|Any CPU = Debug|Any CPU
		Release|Any CPU = Release|Any CPU
	EndGlobalSection
	GlobalSection(ProjectConfigurationPlatforms) = postSolution
		{E4B5519F-BC6F-4262-9188-F854389669CB}.Debug|Any CPU.ActiveCfg = Debug|Any CPU
		{E4B5519F-BC6F-4262-9188-F854389669CB}.Debug|Any CPU.Build.0 = Debug|Any CPU
		{E4B5519F-BC6F-4262-9188-F854389669CB}.Release|Any CPU.ActiveCfg = Release|Any CPU
		{E4B5519F-BC6F-4262-9188-F854389669CB}.Release|Any CPU.Build.0 = Release|Any CPU
		{5C136477-19DD-4640-BC4E-ED5EFFAC1CBF}.Debug|Any CPU.ActiveCfg = Debug|Any CPU
		{5C136477-19DD-4640-BC4E-ED5EFFAC1CBF}.Debug|Any CPU.Build.0 = Debug|Any CPU
		{5C136477-19DD-4640-BC4E-ED5EFFAC1CBF}.Release|Any CPU.ActiveCfg = Release|Any CPU
		{5C136477-19DD-4640-BC4E-ED5EFFAC1CBF}.Release|Any CPU.Build.0 = Release|Any CPU
		{37F8348E-2FE8-4CBD-82D4-06F4D415E897}.Debug|Any CPU.ActiveCfg = Debug|Any CPU
		{37F8348E-2FE8-4CBD-82D4-06F4D415E897}.Debug|Any CPU.Build.0 = Debug|Any CPU
		{37F8348E-2FE8-4CBD-82D4-06F4D415E897}.Release|Any CPU.ActiveCfg = Release|Any CPU
		{37F8348E-2FE8-4CBD-82D4-06F4D415E897}.Release|Any CPU.Build.0 = Release|Any CPU
		{D4E6BDC0-1A17-461B-A0A3-68327762ECDA}.Debug|Any CPU.ActiveCfg = Debug|Any CPU
		{D4E6BDC0-1A17-461B-A0A3-68327762ECDA}.Debug|Any CPU.Build.0 = Debug|Any CPU
		{D4E6BDC0-1A17-461B-A0A3-68327762ECDA}.Release|Any CPU.ActiveCfg = Release|Any CPU
		{D4E6BDC0-1A17-461B-A0A3-68327762ECDA}.Release|Any CPU.Build.0 = Release|Any CPU
		{920201BE-826D-4BD7-AF1B-4BF1375F913C}.Debug|Any CPU.ActiveCfg = Debug|Any CPU
		{920201BE-826D-4BD7-AF1B-4BF1375F913C}.Debug|Any CPU.Build.0 = Debug|Any CPU
		{920201BE-826D-4BD7-AF1B-4BF1375F913C}.Release|Any CPU.ActiveCfg = Release|Any CPU
		{920201BE-826D-4BD7-AF1B-4BF1375F913C}.Release|Any CPU.Build.0 = Release|Any CPU
		{5EDA7C15-6C3E-44F5-9BB9-8CDFB6BAEC3D}.Debug|Any CPU.ActiveCfg = Debug|Any CPU
		{5EDA7C15-6C3E-44F5-9BB9-8CDFB6BAEC3D}.Debug|Any CPU.Build.0 = Debug|Any CPU
		{5EDA7C15-6C3E-44F5-9BB9-8CDFB6BAEC3D}.Release|Any CPU.ActiveCfg = Release|Any CPU
		{5EDA7C15-6C3E-44F5-9BB9-8CDFB6BAEC3D}.Release|Any CPU.Build.0 = Release|Any CPU
		{F99B4624-DB74-45F7-BB95-3EB72C623183}.Debug|Any CPU.ActiveCfg = Debug|Any CPU
		{F99B4624-DB74-45F7-BB95-3EB72C623183}.Debug|Any CPU.Build.0 = Debug|Any CPU
		{F99B4624-DB74-45F7-BB95-3EB72C623183}.Release|Any CPU.ActiveCfg = Release|Any CPU
		{F99B4624-DB74-45F7-BB95-3EB72C623183}.Release|Any CPU.Build.0 = Release|Any CPU
		{26FD211C-EF59-4342-9638-2432EDF71317}.Debug|Any CPU.ActiveCfg = Debug|Any CPU
		{26FD211C-EF59-4342-9638-2432EDF71317}.Debug|Any CPU.Build.0 = Debug|Any CPU
		{26FD211C-EF59-4342-9638-2432EDF71317}.Release|Any CPU.ActiveCfg = Release|Any CPU
		{26FD211C-EF59-4342-9638-2432EDF71317}.Release|Any CPU.Build.0 = Release|Any CPU
		{581F0FAB-35FC-4F6E-9005-26088AFD9EB2}.Debug|Any CPU.ActiveCfg = Debug|Any CPU
		{581F0FAB-35FC-4F6E-9005-26088AFD9EB2}.Debug|Any CPU.Build.0 = Debug|Any CPU
		{581F0FAB-35FC-4F6E-9005-26088AFD9EB2}.Release|Any CPU.ActiveCfg = Release|Any CPU
		{581F0FAB-35FC-4F6E-9005-26088AFD9EB2}.Release|Any CPU.Build.0 = Release|Any CPU
		{CD1BD658-6AB2-480B-8702-04ED7BC13033}.Debug|Any CPU.ActiveCfg = Debug|Any CPU
		{CD1BD658-6AB2-480B-8702-04ED7BC13033}.Debug|Any CPU.Build.0 = Debug|Any CPU
		{CD1BD658-6AB2-480B-8702-04ED7BC13033}.Release|Any CPU.ActiveCfg = Release|Any CPU
		{CD1BD658-6AB2-480B-8702-04ED7BC13033}.Release|Any CPU.Build.0 = Release|Any CPU
		{52DB3C19-92AF-4BD8-ACA9-51AE3B582F11}.Debug|Any CPU.ActiveCfg = Debug|Any CPU
		{52DB3C19-92AF-4BD8-ACA9-51AE3B582F11}.Debug|Any CPU.Build.0 = Debug|Any CPU
		{52DB3C19-92AF-4BD8-ACA9-51AE3B582F11}.Release|Any CPU.ActiveCfg = Release|Any CPU
		{52DB3C19-92AF-4BD8-ACA9-51AE3B582F11}.Release|Any CPU.Build.0 = Release|Any CPU
		{17A27BC2-7CF3-4C96-8C50-FB57B57113D4}.Debug|Any CPU.ActiveCfg = Debug|Any CPU
		{17A27BC2-7CF3-4C96-8C50-FB57B57113D4}.Debug|Any CPU.Build.0 = Debug|Any CPU
		{17A27BC2-7CF3-4C96-8C50-FB57B57113D4}.Release|Any CPU.ActiveCfg = Release|Any CPU
		{17A27BC2-7CF3-4C96-8C50-FB57B57113D4}.Release|Any CPU.Build.0 = Release|Any CPU
		{E42C6686-890B-4A8B-AD2D-5FBC1D584C31}.Debug|Any CPU.ActiveCfg = Debug|Any CPU
		{E42C6686-890B-4A8B-AD2D-5FBC1D584C31}.Debug|Any CPU.Build.0 = Debug|Any CPU
		{E42C6686-890B-4A8B-AD2D-5FBC1D584C31}.Release|Any CPU.ActiveCfg = Release|Any CPU
		{E42C6686-890B-4A8B-AD2D-5FBC1D584C31}.Release|Any CPU.Build.0 = Release|Any CPU
		{6A68E7C5-FFFB-47F3-99FA-A57DFD43F762}.Debug|Any CPU.ActiveCfg = Debug|Any CPU
		{6A68E7C5-FFFB-47F3-99FA-A57DFD43F762}.Debug|Any CPU.Build.0 = Debug|Any CPU
		{6A68E7C5-FFFB-47F3-99FA-A57DFD43F762}.Release|Any CPU.ActiveCfg = Release|Any CPU
		{6A68E7C5-FFFB-47F3-99FA-A57DFD43F762}.Release|Any CPU.Build.0 = Release|Any CPU
		{B9E55C92-4DEF-4932-81A3-E4E151BAAD5E}.Debug|Any CPU.ActiveCfg = Debug|Any CPU
		{B9E55C92-4DEF-4932-81A3-E4E151BAAD5E}.Debug|Any CPU.Build.0 = Debug|Any CPU
		{B9E55C92-4DEF-4932-81A3-E4E151BAAD5E}.Release|Any CPU.ActiveCfg = Release|Any CPU
		{B9E55C92-4DEF-4932-81A3-E4E151BAAD5E}.Release|Any CPU.Build.0 = Release|Any CPU
		{172108BE-E4B1-4E9A-801D-6EF327FC8140}.Debug|Any CPU.ActiveCfg = Debug|Any CPU
		{172108BE-E4B1-4E9A-801D-6EF327FC8140}.Debug|Any CPU.Build.0 = Debug|Any CPU
		{172108BE-E4B1-4E9A-801D-6EF327FC8140}.Release|Any CPU.ActiveCfg = Release|Any CPU
		{172108BE-E4B1-4E9A-801D-6EF327FC8140}.Release|Any CPU.Build.0 = Release|Any CPU
	EndGlobalSection
	GlobalSection(SolutionProperties) = preSolution
		HideSolutionNode = FALSE
	EndGlobalSection
	GlobalSection(NestedProjects) = preSolution
		{5C136477-19DD-4640-BC4E-ED5EFFAC1CBF} = {DFEBD416-C35F-45CF-89E8-29BD52268577}
		{C000C338-DFA9-4FE2-B96B-8944D4A07359} = {9EC5C5B4-5AF2-4CB1-B01A-1176F7A86EE4}
		{37F8348E-2FE8-4CBD-82D4-06F4D415E897} = {9EC5C5B4-5AF2-4CB1-B01A-1176F7A86EE4}
		{D4E6BDC0-1A17-461B-A0A3-68327762ECDA} = {9EC5C5B4-5AF2-4CB1-B01A-1176F7A86EE4}
		{920201BE-826D-4BD7-AF1B-4BF1375F913C} = {C000C338-DFA9-4FE2-B96B-8944D4A07359}
		{5EDA7C15-6C3E-44F5-9BB9-8CDFB6BAEC3D} = {C000C338-DFA9-4FE2-B96B-8944D4A07359}
		{F99B4624-DB74-45F7-BB95-3EB72C623183} = {C000C338-DFA9-4FE2-B96B-8944D4A07359}
		{26FD211C-EF59-4342-9638-2432EDF71317} = {C000C338-DFA9-4FE2-B96B-8944D4A07359}
		{581F0FAB-35FC-4F6E-9005-26088AFD9EB2} = {C000C338-DFA9-4FE2-B96B-8944D4A07359}
		{CD1BD658-6AB2-480B-8702-04ED7BC13033} = {DFEBD416-C35F-45CF-89E8-29BD52268577}
		{52DB3C19-92AF-4BD8-ACA9-51AE3B582F11} = {DFEBD416-C35F-45CF-89E8-29BD52268577}
		{17A27BC2-7CF3-4C96-8C50-FB57B57113D4} = {DFEBD416-C35F-45CF-89E8-29BD52268577}
		{E42C6686-890B-4A8B-AD2D-5FBC1D584C31} = {DFEBD416-C35F-45CF-89E8-29BD52268577}
		{6A68E7C5-FFFB-47F3-99FA-A57DFD43F762} = {DFEBD416-C35F-45CF-89E8-29BD52268577}
		{B9E55C92-4DEF-4932-81A3-E4E151BAAD5E} = {DFEBD416-C35F-45CF-89E8-29BD52268577}
	EndGlobalSection
	GlobalSection(ExtensibilityGlobals) = postSolution
		SolutionGuid = {B8628A44-548F-4E07-8852-1C13652D7637}
	EndGlobalSection
EndGlobal
